PODS:
  - Capacitor (7.6.7):
    - CapacitorCordova
  - CapacitorCamera (7.0.5):
    - Capacitor
  - CapacitorCordova (7.6.7)

DEPENDENCIES:
  - "Capacitor (from `../../../../node_modules/.pnpm/@capacitor+ios@7.6.7_@capacitor+core@7.6.7/node_modules/@capacitor/ios`)"
  - "CapacitorCamera (from `../../../../node_modules/.pnpm/@capacitor+camera@7.0.5_@capacitor+core@7.6.7/node_modules/@capacitor/camera`)"
  - "CapacitorCordova (from `../../../../node_modules/.pnpm/@capacitor+ios@7.6.7_@capacitor+core@7.6.7/node_modules/@capacitor/ios`)"

EXTERNAL SOURCES:
  Capacitor:
    :path: "../../../../node_modules/.pnpm/@capacitor+ios@7.6.7_@capacitor+core@7.6.7/node_modules/@capacitor/ios"
  CapacitorCamera:
    :path: "../../../../node_modules/.pnpm/@capacitor+camera@7.0.5_@capacitor+core@7.6.7/node_modules/@capacitor/camera"
  CapacitorCordova:
    :path: "../../../../node_modules/.pnpm/@capacitor+ios@7.6.7_@capacitor+core@7.6.7/node_modules/@capacitor/ios"

SPEC CHECKSUMS:
  Capacitor: 8ef25ba872436d2c5ac2a4791f7255529bdcd93b
  CapacitorCamera: 9e952270be355797f769aa835bb7643a96c871fe
  CapacitorCordova: 139e2ed3d91c54b5aeae7941135c9f9aefc6da1d

PODFILE CHECKSUM: 23ecbe94c039a15e3c15dcc62fd0101fbfbfe223

COCOAPODS: 1.16.2
